github.com/0xAX/notificator v0.0.0-20210731104411-c42e3d4a43ee h1:LgokYDTCpaZBHtl/oGwLxNCr3kM5Qt+Z7mInv4MqFNM=
github.com/0xAX/notificator v0.0.0-20210731104411-c42e3d4a43ee/go.mod h1:NtXa9WwQsukMHZpjNakTTz0LArxvGYdPA9CjIcUSZ6s=
github.com/BurntSushi/toml v0.3.1/go.mod h1:xHWCNGjB5oqiDr8zfno3MHue2Ht5sIBksp03qcyfWMU=
github.com/codegangsta/envy v0.0.0-20141216192214-4b78388c8ce4 h1:ihrIKrLQzm6Q6NJHBMemvaIGTFxgxQUEkn2AjN0Aulw=
github.com/codegangsta/envy v0.0.0-20141216192214-4b78388c8ce4/go.mod h1:X7wHz0C25Lga6CnJ4WAQNbUQ9P/8eWSNv8qIO71YkSM=
github.com/codegangsta/gin v0.0.0-20211113050330-71f90109db02 h1:PK8RQF5982bJELqOfaaTWs0kDqZzZGHxUTOpZWZm6fM=
github.com/codegangsta/gin v0.0.0-20211113050330-71f90109db02/go.mod h1:UBYuwaH3dMw91EZ7tGVaFF6GDj5j46S7zqB9lZPIe58=
github.com/cpuguy83/go-md2man/v2 v2.0.0-20190314233015-f79a8a8ca69d h1:U+s90UTSYgptZMwQh2aRr3LuazLJIa+Pg3Kc1ylSYVY=
github.com/cpuguy83/go-md2man/v2 v2.0.0-20190314233015-f79a8a8ca69d/go.mod h1:maD7wRr/U5Z6m/iR4s+kqSMx2CaBsrgA7czyZG/E6dU=
github.com/mattn/go-shellwords v1.0.12 h1:M2zGm7EW6UQJvDeQxo4T51eKPurbeFbe8WtebGE2xrk=
github.com/mattn/go-shellwords v1.0.12/go.mod h1:EZzvwXDESEeg03EKmM+RmDnNOPKG4lLtQsUlTZDWQ8Y=
github.com/pmezard/go-difflib v1.0.0/go.mod h1:iKH77koFhYxTK1pcRnkKkqfTogsbg7gZNVY4sRDYZ/4=
github.com/russross/blackfriday/v2 v2.0.1 h1:lPqVAte+HuHNfhJ/0LC98ESWRz8afy9tM/0RK8m9o+Q=
github.com/russross/blackfriday/v2 v2.0.1/go.mod h1:+Rmxgy9KzJVeS9/2gXHxylqXiyQDYRxCVz55jmeOWTM=
github.com/shurcooL/sanitized_anchor_name v1.0.0 h1:PdmoCO6wvbs+7yrJyMORt4/BmY5IYyJwS/kOiWx8mHo=
github.com/shurcooL/sanitized_anchor_name v1.0.0/go.mod h1:1NzhyTcUVG4SuEtjjoZeVRXNmyL/1OwPU0+IJeTBvfc=
github.com/urfave/cli v1.22.5 h1:lNq9sAHXK2qfdI8W+GRItjCEkI+2oR4d+MEHy1CKXoU=
github.com/urfave/cli v1.22.5/go.mod h1:Gos4lmkARVdJ6EkW0WaNv/tZAAMe9V7XWyB60NtXRu0=
gopkg.in/check.v1 v0.0.0-20161208181325-20d25e280405/go.mod h1:Co6ibVJAznAaIkqp8huTwlJQCZ016jof/cbN4VW5Yz0=
gopkg.in/yaml.v2 v2.2.2/go.mod h1:hI93XBmqTisBFMUTm0b8Fm+jr3Dg1NNxqwp+5A1VGuI=
